{
  "name": "streambuf",
  "version": "1.1.0",
  "lockfileVersion": 1,
  "requires": true,
  "dependencies": {
    "aqa": {
      "version": "0.1.2",
      "resolved": "https://registry.npmjs.org/aqa/-/aqa-0.1.2.tgz",
      "integrity": "sha512-5uXuBAcKCGzmV1a1prmltZBqarQtrPvSU1UozkVr4HBm3XeGYw+xYB/BmLsBSCWxEDVqKkw15SRo2M7Ipx19bg==",
      "dev": true
    }
  }
}
